
Microsoft Visual Studio Solution File, Format Version 12.00
# Visual Studio Version 17
VisualStudioVersion = 17.0.31903.59
MinimumVisualStudioVersion = 10.0.40219.1
Project("{2150E333-8FDC-42A3-9474-1A3956D46DE8}") = "src", "src", "{F8FBA7F3-40C1-4C94-9D8E-C05FECCBFF07}"
EndProject
Project("{FAE04EC0-301F-11D3-BF4B-00C04F79EFBC}") = "SmolerSAST.Core", "src\SmolerSAST.Core\SmolerSAST.Core.csproj", "{59692E42-F6BE-44E4-88EF-58CB04C56F2F}"
EndProject
Project("{FAE04EC0-301F-11D3-BF4B-00C04F79EFBC}") = "SmolerSAST.Rules.Base", "src\SmolerSAST.Rules.Base\SmolerSAST.Rules.Base.csproj", "{65918258-53A1-47D1-9380-ABF4B902E425}"
EndProject
Project("{FAE04EC0-301F-11D3-BF4B-00C04F79EFBC}") = "SmolerSAST.Rules.BR", "src\SmolerSAST.Rules.BR\SmolerSAST.Rules.BR.csproj", "{F61C7AB4-3D87-460A-8D13-8A11692B4C36}"
EndProject
Project("{FAE04EC0-301F-11D3-BF4B-00C04F79EFBC}") = "SmolerSAST.Semantic", "src\SmolerSAST.Semantic\SmolerSAST.Semantic.csproj", "{AAE17BFA-D4E4-4A1E-95DA-1BF059F8A7AB}"
EndProject
Project("{FAE04EC0-301F-11D3-BF4B-00C04F79EFBC}") = "SmolerSAST.Reporting", "src\SmolerSAST.Reporting\SmolerSAST.Reporting.csproj", "{5BC86603-17DC-422D-8C3A-5F01BA9A993C}"
EndProject
Project("{FAE04EC0-301F-11D3-BF4B-00C04F79EFBC}") = "SmolerSAST.Cli", "src\SmolerSAST.Cli\SmolerSAST.Cli.csproj", "{44199163-D562-4BEE-A078-C22E55EC5E64}"
EndProject
Project("{FAE04EC0-301F-11D3-BF4B-00C04F79EFBC}") = "SmolerSAST.Analyzer", "src\SmolerSAST.Analyzer\SmolerSAST.Analyzer.csproj", "{F6E081C7-A7C9-4703-8B4A-EA24F0990692}"
EndProject
Project("{2150E333-8FDC-42A3-9474-1A3956D46DE8}") = "tests", "tests", "{8EFACF41-B365-4121-84B5-44F3EBA34145}"
EndProject
Project("{FAE04EC0-301F-11D3-BF4B-00C04F79EFBC}") = "SmolerSAST.Core.Tests", "tests\SmolerSAST.Core.Tests\SmolerSAST.Core.Tests.csproj", "{4428BDCC-9B0B-4F6F-A623-1C238BC1F984}"
EndProject
Project("{FAE04EC0-301F-11D3-BF4B-00C04F79EFBC}") = "SmolerSAST.Rules.Base.Tests", "tests\SmolerSAST.Rules.Base.Tests\SmolerSAST.Rules.Base.Tests.csproj", "{97B161D0-C547-496D-9199-35B28FFB1A9A}"
EndProject
Project("{FAE04EC0-301F-11D3-BF4B-00C04F79EFBC}") = "SmolerSAST.Integration.Tests", "tests\SmolerSAST.Integration.Tests\SmolerSAST.Integration.Tests.csproj", "{2DA1AB99-4A5D-4FC2-B8EA-63C2145826AD}"
EndProject
Project("{FAE04EC0-301F-11D3-BF4B-00C04F79EFBC}") = "SmolerSAST.Rules.BR.Tests", "tests\SmolerSAST.Rules.BR.Tests\SmolerSAST.Rules.BR.Tests.csproj", "{3AF6ECA5-E295-41F0-A846-0F4248A74324}"
EndProject
Global
	GlobalSection(SolutionConfigurationPlatforms) = preSolution
		Debug|Any CPU = Debug|Any CPU
		Release|Any CPU = Release|Any CPU
	EndGlobalSection
	GlobalSection(SolutionProperties) = preSolution
		HideSolutionNode = FALSE
	EndGlobalSection
	GlobalSection(ProjectConfigurationPlatforms) = postSolution
		{59692E42-F6BE-44E4-88EF-58CB04C56F2F}.Debug|Any CPU.ActiveCfg = Debug|Any CPU
		{59692E42-F6BE-44E4-88EF-58CB04C56F2F}.Debug|Any CPU.Build.0 = Debug|Any CPU
		{59692E42-F6BE-44E4-88EF-58CB04C56F2F}.Release|Any CPU.ActiveCfg = Release|Any CPU
		{59692E42-F6BE-44E4-88EF-58CB04C56F2F}.Release|Any CPU.Build.0 = Release|Any CPU
		{65918258-53A1-47D1-9380-ABF4B902E425}.Debug|Any CPU.ActiveCfg = Debug|Any CPU
		{65918258-53A1-47D1-9380-ABF4B902E425}.Debug|Any CPU.Build.0 = Debug|Any CPU
		{65918258-53A1-47D1-9380-ABF4B902E425}.Release|Any CPU.ActiveCfg = Release|Any CPU
		{65918258-53A1-47D1-9380-ABF4B902E425}.Release|Any CPU.Build.0 = Release|Any CPU
		{F61C7AB4-3D87-460A-8D13-8A11692B4C36}.Debug|Any CPU.ActiveCfg = Debug|Any CPU
		{F61C7AB4-3D87-460A-8D13-8A11692B4C36}.Debug|Any CPU.Build.0 = Debug|Any CPU
		{F61C7AB4-3D87-460A-8D13-8A11692B4C36}.Release|Any CPU.ActiveCfg = Release|Any CPU
		{F61C7AB4-3D87-460A-8D13-8A11692B4C36}.Release|Any CPU.Build.0 = Release|Any CPU
		{AAE17BFA-D4E4-4A1E-95DA-1BF059F8A7AB}.Debug|Any CPU.ActiveCfg = Debug|Any CPU
		{AAE17BFA-D4E4-4A1E-95DA-1BF059F8A7AB}.Debug|Any CPU.Build.0 = Debug|Any CPU
		{AAE17BFA-D4E4-4A1E-95DA-1BF059F8A7AB}.Release|Any CPU.ActiveCfg = Release|Any CPU
		{AAE17BFA-D4E4-4A1E-95DA-1BF059F8A7AB}.Release|Any CPU.Build.0 = Release|Any CPU
		{5BC86603-17DC-422D-8C3A-5F01BA9A993C}.Debug|Any CPU.ActiveCfg = Debug|Any CPU
		{5BC86603-17DC-422D-8C3A-5F01BA9A993C}.Debug|Any CPU.Build.0 = Debug|Any CPU
		{5BC86603-17DC-422D-8C3A-5F01BA9A993C}.Release|Any CPU.ActiveCfg = Release|Any CPU
		{5BC86603-17DC-422D-8C3A-5F01BA9A993C}.Release|Any CPU.Build.0 = Release|Any CPU
		{44199163-D562-4BEE-A078-C22E55EC5E64}.Debug|Any CPU.ActiveCfg = Debug|Any CPU
		{44199163-D562-4BEE-A078-C22E55EC5E64}.Debug|Any CPU.Build.0 = Debug|Any CPU
		{44199163-D562-4BEE-A078-C22E55EC5E64}.Release|Any CPU.ActiveCfg = Release|Any CPU
		{44199163-D562-4BEE-A078-C22E55EC5E64}.Release|Any CPU.Build.0 = Release|Any CPU
		{F6E081C7-A7C9-4703-8B4A-EA24F0990692}.Debug|Any CPU.ActiveCfg = Debug|Any CPU
		{F6E081C7-A7C9-4703-8B4A-EA24F0990692}.Debug|Any CPU.Build.0 = Debug|Any CPU
		{F6E081C7-A7C9-4703-8B4A-EA24F0990692}.Release|Any CPU.ActiveCfg = Release|Any CPU
		{F6E081C7-A7C9-4703-8B4A-EA24F0990692}.Release|Any CPU.Build.0 = Release|Any CPU
		{4428BDCC-9B0B-4F6F-A623-1C238BC1F984}.Debug|Any CPU.ActiveCfg = Debug|Any CPU
		{4428BDCC-9B0B-4F6F-A623-1C238BC1F984}.Debug|Any CPU.Build.0 = Debug|Any CPU
		{4428BDCC-9B0B-4F6F-A623-1C238BC1F984}.Release|Any CPU.ActiveCfg = Release|Any CPU
		{4428BDCC-9B0B-4F6F-A623-1C238BC1F984}.Release|Any CPU.Build.0 = Release|Any CPU
		{97B161D0-C547-496D-9199-35B28FFB1A9A}.Debug|Any CPU.ActiveCfg = Debug|Any CPU
		{97B161D0-C547-496D-9199-35B28FFB1A9A}.Debug|Any CPU.Build.0 = Debug|Any CPU
		{97B161D0-C547-496D-9199-35B28FFB1A9A}.Release|Any CPU.ActiveCfg = Release|Any CPU
		{97B161D0-C547-496D-9199-35B28FFB1A9A}.Release|Any CPU.Build.0 = Release|Any CPU
		{2DA1AB99-4A5D-4FC2-B8EA-63C2145826AD}.Debug|Any CPU.ActiveCfg = Debug|Any CPU
		{2DA1AB99-4A5D-4FC2-B8EA-63C2145826AD}.Debug|Any CPU.Build.0 = Debug|Any CPU
		{2DA1AB99-4A5D-4FC2-B8EA-63C2145826AD}.Release|Any CPU.ActiveCfg = Release|Any CPU
		{2DA1AB99-4A5D-4FC2-B8EA-63C2145826AD}.Release|Any CPU.Build.0 = Release|Any CPU
		{3AF6ECA5-E295-41F0-A846-0F4248A74324}.Debug|Any CPU.ActiveCfg = Debug|Any CPU
		{3AF6ECA5-E295-41F0-A846-0F4248A74324}.Debug|Any CPU.Build.0 = Debug|Any CPU
		{3AF6ECA5-E295-41F0-A846-0F4248A74324}.Release|Any CPU.ActiveCfg = Release|Any CPU
		{3AF6ECA5-E295-41F0-A846-0F4248A74324}.Release|Any CPU.Build.0 = Release|Any CPU
	EndGlobalSection
	GlobalSection(NestedProjects) = preSolution
		{59692E42-F6BE-44E4-88EF-58CB04C56F2F} = {F8FBA7F3-40C1-4C94-9D8E-C05FECCBFF07}
		{65918258-53A1-47D1-9380-ABF4B902E425} = {F8FBA7F3-40C1-4C94-9D8E-C05FECCBFF07}
		{F61C7AB4-3D87-460A-8D13-8A11692B4C36} = {F8FBA7F3-40C1-4C94-9D8E-C05FECCBFF07}
		{AAE17BFA-D4E4-4A1E-95DA-1BF059F8A7AB} = {F8FBA7F3-40C1-4C94-9D8E-C05FECCBFF07}
		{5BC86603-17DC-422D-8C3A-5F01BA9A993C} = {F8FBA7F3-40C1-4C94-9D8E-C05FECCBFF07}
		{44199163-D562-4BEE-A078-C22E55EC5E64} = {F8FBA7F3-40C1-4C94-9D8E-C05FECCBFF07}
		{F6E081C7-A7C9-4703-8B4A-EA24F0990692} = {F8FBA7F3-40C1-4C94-9D8E-C05FECCBFF07}
		{4428BDCC-9B0B-4F6F-A623-1C238BC1F984} = {8EFACF41-B365-4121-84B5-44F3EBA34145}
		{97B161D0-C547-496D-9199-35B28FFB1A9A} = {8EFACF41-B365-4121-84B5-44F3EBA34145}
		{2DA1AB99-4A5D-4FC2-B8EA-63C2145826AD} = {8EFACF41-B365-4121-84B5-44F3EBA34145}
		{3AF6ECA5-E295-41F0-A846-0F4248A74324} = {8EFACF41-B365-4121-84B5-44F3EBA34145}
	EndGlobalSection
EndGlobal
